PODS:
  - Capacitor (3.7.0):
    - CapacitorCordova
  - CapacitorCordova (3.7.0)

DEPENDENCIES:
  - "Capacitor (from `../node_modules/@capacitor/ios`)"
  - "CapacitorCordova (from `../node_modules/@capacitor/ios`)"

EXTERNAL SOURCES:
  Capacitor:
    :path: "../node_modules/@capacitor/ios"
  CapacitorCordova:
    :path: "../node_modules/@capacitor/ios"

SPEC CHECKSUMS:
  Capacitor: a7dc804520a7b3bba6a566c472329365622b663e
  CapacitorCordova: 6ea8e936eac6cd3c50f2cfc1b7423ac71d9909e4

PODFILE CHECKSUM: 3c0f5378cb89164df5bf2f4c96288bd7ac04c8f5

COCOAPODS: 1.11.3
